
Microsoft Visual Studio Solution File, Format Version 12.00
# Visual Studio Version 17
VisualStudioVersion = 17.13.35818.85 d17.13
MinimumVisualStudioVersion = 10.0.40219.1
Project("{FAE04EC0-301F-11D3-BF4B-00C04F79EFBC}") = "FacultyProfileManagementSystem", "FacultyProfileManagementSystem\FacultyProfileManagementSystem.csproj", "{79B0A69B-D9E6-4338-9BF9-7D9E8E2E5DA1}"
EndProject
Global
	GlobalSection(SolutionConfigurationPlatforms) = preSolution
		Debug|Any CPU = Debug|Any CPU
		Release|Any CPU = Release|Any CPU
	EndGlobalSection
	GlobalSection(ProjectConfigurationPlatforms) = postSolution
		{79B0A69B-D9E6-4338-9BF9-7D9E8E2E5DA1}.Debug|Any CPU.ActiveCfg = Debug|Any CPU
		{79B0A69B-D9E6-4338-9BF9-7D9E8E2E5DA1}.Debug|Any CPU.Build.0 = Debug|Any CPU
		{79B0A69B-D9E6-4338-9BF9-7D9E8E2E5DA1}.Release|Any CPU.ActiveCfg = Release|Any CPU
		{79B0A69B-D9E6-4338-9BF9-7D9E8E2E5DA1}.Release|Any CPU.Build.0 = Release|Any CPU
	EndGlobalSection
	GlobalSection(SolutionProperties) = preSolution
		HideSolutionNode = FALSE
	EndGlobalSection
	GlobalSection(ExtensibilityGlobals) = postSolution
		SolutionGuid = {DDFE68FE-620D-4334-AAE8-1B165DD6874B}
	EndGlobalSection
EndGlobal
